
Microsoft Visual Studio Solution File, Format Version 12.00
# Visual Studio 15
VisualStudioVersion = 15.0.28307.421
MinimumVisualStudioVersion = 10.0.40219.1
Project("{FAE04EC0-301F-11D3-BF4B-00C04F79EFBC}") = "5", "5\5.csproj", "{E280C500-CCC5-4EE8-8DC5-BF4120383217}"
EndProject
Global
	GlobalSection(SolutionConfigurationPlatforms) = preSolution
		Debug|Any CPU = Debug|Any CPU
		Release|Any CPU = Release|Any CPU
	EndGlobalSection
	GlobalSection(ProjectConfigurationPlatforms) = postSolution
		{E280C500-CCC5-4EE8-8DC5-BF4120383217}.Debug|Any CPU.ActiveCfg = Debug|Any CPU
		{E280C500-CCC5-4EE8-8DC5-BF4120383217}.Debug|Any CPU.Build.0 = Debug|Any CPU
		{E280C500-CCC5-4EE8-8DC5-BF4120383217}.Release|Any CPU.ActiveCfg = Release|Any CPU
		{E280C500-CCC5-4EE8-8DC5-BF4120383217}.Release|Any CPU.Build.0 = Release|Any CPU
	EndGlobalSection
	GlobalSection(SolutionProperties) = preSolution
		HideSolutionNode = FALSE
	EndGlobalSection
	GlobalSection(ExtensibilityGlobals) = postSolution
		SolutionGuid = {08ED27F9-B78A-45E7-9F0F-C36A3196E1FC}
	EndGlobalSection
EndGlobal
